
Microsoft Visual Studio Solution File, Format Version 12.00
# Visual Studio Version 16
VisualStudioVersion = 16.0.31729.503
MinimumVisualStudioVersion = 10.0.40219.1
Project("{FAE04EC0-301F-11D3-BF4B-00C04F79EFBC}") = "Test3", "Test3\Test3.csproj", "{25093FDD-DFC5-4CB3-AA7E-A721CB2132D8}"
EndProject
Global
	GlobalSection(SolutionConfigurationPlatforms) = preSolution
		Debug|Any CPU = Debug|Any CPU
		Release|Any CPU = Release|Any CPU
	EndGlobalSection
	GlobalSection(ProjectConfigurationPlatforms) = postSolution
		{25093FDD-DFC5-4CB3-AA7E-A721CB2132D8}.Debug|Any CPU.ActiveCfg = Debug|Any CPU
		{25093FDD-DFC5-4CB3-AA7E-A721CB2132D8}.Debug|Any CPU.Build.0 = Debug|Any CPU
		{25093FDD-DFC5-4CB3-AA7E-A721CB2132D8}.Release|Any CPU.ActiveCfg = Release|Any CPU
		{25093FDD-DFC5-4CB3-AA7E-A721CB2132D8}.Release|Any CPU.Build.0 = Release|Any CPU
	EndGlobalSection
	GlobalSection(SolutionProperties) = preSolution
		HideSolutionNode = FALSE
	EndGlobalSection
	GlobalSection(ExtensibilityGlobals) = postSolution
		SolutionGuid = {DA843608-CAA3-4189-8B2F-9B0E75761E44}
	EndGlobalSection
EndGlobal
