
Microsoft Visual Studio Solution File, Format Version 12.00
# Visual Studio Version 16
VisualStudioVersion = 16.0.31729.503
MinimumVisualStudioVersion = 10.0.40219.1
Project("{FAE04EC0-301F-11D3-BF4B-00C04F79EFBC}") = "Tuto6", "Tuto6\Tuto6.csproj", "{3DA40CC2-0935-410A-8721-9A42CA4C9FAC}"
EndProject
Global
	GlobalSection(SolutionConfigurationPlatforms) = preSolution
		Debug|Any CPU = Debug|Any CPU
		Release|Any CPU = Release|Any CPU
	EndGlobalSection
	GlobalSection(ProjectConfigurationPlatforms) = postSolution
		{3DA40CC2-0935-410A-8721-9A42CA4C9FAC}.Debug|Any CPU.ActiveCfg = Debug|Any CPU
		{3DA40CC2-0935-410A-8721-9A42CA4C9FAC}.Debug|Any CPU.Build.0 = Debug|Any CPU
		{3DA40CC2-0935-410A-8721-9A42CA4C9FAC}.Release|Any CPU.ActiveCfg = Release|Any CPU
		{3DA40CC2-0935-410A-8721-9A42CA4C9FAC}.Release|Any CPU.Build.0 = Release|Any CPU
	EndGlobalSection
	GlobalSection(SolutionProperties) = preSolution
		HideSolutionNode = FALSE
	EndGlobalSection
	GlobalSection(ExtensibilityGlobals) = postSolution
		SolutionGuid = {C3207F29-C04C-4BE1-9202-33358199D2CC}
	EndGlobalSection
EndGlobal
