
Microsoft Visual Studio Solution File, Format Version 12.00
# Visual Studio Version 16
VisualStudioVersion = 16.0.31729.503
MinimumVisualStudioVersion = 10.0.40219.1
Project("{FAE04EC0-301F-11D3-BF4B-00C04F79EFBC}") = "Client", "Client\Client.csproj", "{EE52B875-3BE0-4D50-B2CE-E60E91D4AA81}"
EndProject
Global
	GlobalSection(SolutionConfigurationPlatforms) = preSolution
		Debug|Any CPU = Debug|Any CPU
		Release|Any CPU = Release|Any CPU
	EndGlobalSection
	GlobalSection(ProjectConfigurationPlatforms) = postSolution
		{EE52B875-3BE0-4D50-B2CE-E60E91D4AA81}.Debug|Any CPU.ActiveCfg = Debug|Any CPU
		{EE52B875-3BE0-4D50-B2CE-E60E91D4AA81}.Debug|Any CPU.Build.0 = Debug|Any CPU
		{EE52B875-3BE0-4D50-B2CE-E60E91D4AA81}.Release|Any CPU.ActiveCfg = Release|Any CPU
		{EE52B875-3BE0-4D50-B2CE-E60E91D4AA81}.Release|Any CPU.Build.0 = Release|Any CPU
	EndGlobalSection
	GlobalSection(SolutionProperties) = preSolution
		HideSolutionNode = FALSE
	EndGlobalSection
	GlobalSection(ExtensibilityGlobals) = postSolution
		SolutionGuid = {8349C9E1-538F-4A51-910E-5DDB491C900D}
	EndGlobalSection
EndGlobal
