
Microsoft Visual Studio Solution File, Format Version 12.00
# Visual Studio Version 16
VisualStudioVersion = 16.0.31729.503
MinimumVisualStudioVersion = 10.0.40219.1
Project("{FAE04EC0-301F-11D3-BF4B-00C04F79EFBC}") = "Test1_Client", "Test1_Client\Test1_Client.csproj", "{679D6E76-DA20-4875-9D68-1940ADCCBED6}"
EndProject
Global
	GlobalSection(SolutionConfigurationPlatforms) = preSolution
		Debug|Any CPU = Debug|Any CPU
		Release|Any CPU = Release|Any CPU
	EndGlobalSection
	GlobalSection(ProjectConfigurationPlatforms) = postSolution
		{679D6E76-DA20-4875-9D68-1940ADCCBED6}.Debug|Any CPU.ActiveCfg = Debug|Any CPU
		{679D6E76-DA20-4875-9D68-1940ADCCBED6}.Debug|Any CPU.Build.0 = Debug|Any CPU
		{679D6E76-DA20-4875-9D68-1940ADCCBED6}.Release|Any CPU.ActiveCfg = Release|Any CPU
		{679D6E76-DA20-4875-9D68-1940ADCCBED6}.Release|Any CPU.Build.0 = Release|Any CPU
	EndGlobalSection
	GlobalSection(SolutionProperties) = preSolution
		HideSolutionNode = FALSE
	EndGlobalSection
	GlobalSection(ExtensibilityGlobals) = postSolution
		SolutionGuid = {A22A187F-B0A9-4731-97E8-F8920E089FE0}
	EndGlobalSection
EndGlobal
